
Microsoft Visual Studio Solution File, Format Version 12.00
# Visual Studio Version 17
VisualStudioVersion = 17.8.34330.188
MinimumVisualStudioVersion = 10.0.40219.1
Project("{FAE04EC0-301F-11D3-BF4B-00C04F79EFBC}") = "Wykresy.Android", "Wykresy\Wykresy.Android\Wykresy.Android.csproj", "{638E855A-AC3C-4FE6-AD6A-38934914E37E}"
EndProject
Project("{FAE04EC0-301F-11D3-BF4B-00C04F79EFBC}") = "Wykresy", "Wykresy\Wykresy\Wykresy.csproj", "{B40D9A15-27B1-4A75-8DDE-4DD84003FF9D}"
EndProject
Global
	GlobalSection(SolutionConfigurationPlatforms) = preSolution
		Debug|Any CPU = Debug|Any CPU
		Release|Any CPU = Release|Any CPU
	EndGlobalSection
	GlobalSection(ProjectConfigurationPlatforms) = postSolution
		{638E855A-AC3C-4FE6-AD6A-38934914E37E}.Debug|Any CPU.ActiveCfg = Debug|Any CPU
		{638E855A-AC3C-4FE6-AD6A-38934914E37E}.Debug|Any CPU.Build.0 = Debug|Any CPU
		{638E855A-AC3C-4FE6-AD6A-38934914E37E}.Debug|Any CPU.Deploy.0 = Debug|Any CPU
		{638E855A-AC3C-4FE6-AD6A-38934914E37E}.Release|Any CPU.ActiveCfg = Release|Any CPU
		{638E855A-AC3C-4FE6-AD6A-38934914E37E}.Release|Any CPU.Build.0 = Release|Any CPU
		{638E855A-AC3C-4FE6-AD6A-38934914E37E}.Release|Any CPU.Deploy.0 = Release|Any CPU
		{B40D9A15-27B1-4A75-8DDE-4DD84003FF9D}.Debug|Any CPU.ActiveCfg = Debug|Any CPU
		{B40D9A15-27B1-4A75-8DDE-4DD84003FF9D}.Debug|Any CPU.Build.0 = Debug|Any CPU
		{B40D9A15-27B1-4A75-8DDE-4DD84003FF9D}.Debug|Any CPU.Deploy.0 = Debug|Any CPU
		{B40D9A15-27B1-4A75-8DDE-4DD84003FF9D}.Release|Any CPU.ActiveCfg = Release|Any CPU
		{B40D9A15-27B1-4A75-8DDE-4DD84003FF9D}.Release|Any CPU.Build.0 = Release|Any CPU
		{B40D9A15-27B1-4A75-8DDE-4DD84003FF9D}.Release|Any CPU.Deploy.0 = Release|Any CPU
	EndGlobalSection
	GlobalSection(SolutionProperties) = preSolution
		HideSolutionNode = FALSE
	EndGlobalSection
	GlobalSection(ExtensibilityGlobals) = postSolution
		SolutionGuid = {6427FEC2-56B4-437D-80DE-5AC9EC25F457}
	EndGlobalSection
EndGlobal
